# THIS IS AN AUTOGENERATED FILE. DO NOT EDIT THIS FILE DIRECTLY.
# yarn lockfile v1


"@vant/area-data@^1.2.4":
  "integrity" "sha512-oowT5fePKdPR4DShoLnXejcXtW323JhtbJreOpFRBP2sNc/krgDe5W1BBCJg+frKet7x7cd0d8pA7xR3Vv9PLQ=="
  "resolved" "https://registry.npmjs.org/@vant/area-data/-/area-data-1.2.4.tgz"
  "version" "1.2.4"

"@vant/weapp@^1.10.3":
  "integrity" "sha512-CcG5umI+zlJRN6hQXPeknOenPkVm6WBEgBaB6Y94kOmKLx9NHtHBdURwxuJEA4q4mxhUdOuf6sV7I8tZBnCVxw=="
  "resolved" "https://registry.npmjs.org/@vant/weapp/-/weapp-1.10.3.tgz"
  "version" "1.10.3"

"area-data@^3.1.2":
  "integrity" "sha512-9q8HtFRYn3HBsEwBSZUHvVjpLmh8E8c7cSRjo7p38iyN9JTdPDAGWHB6h9hwII04aDWyJjPRF79nC3W68xf6kw=="
  "resolved" "https://registry.npmjs.org/area-data/-/area-data-3.1.2.tgz"
  "version" "3.1.2"

"china-area-data@^5.0.1":
  "integrity" "sha512-BQDPpiv5Nn+018ekcJK2oSD9PAD+E1bvXB0wgabc//dFVS/KvRqCgg0QOEUt3vBkx9XzB5a9BmkJCEZDBxVjVw=="
  "resolved" "https://registry.npmjs.org/china-area-data/-/china-area-data-5.0.1.tgz"
  "version" "5.0.1"

"jsbn@^1.1.0":
  "integrity" "sha1-sBMHyym2GKHtJux56RH4A8TaAEA="
  "resolved" "https://registry.npmjs.org/jsbn/-/jsbn-1.1.0.tgz"
  "version" "1.1.0"

"miniprogram-sm-crypto@^0.3.7":
  "integrity" "sha512-Z/zFOzLYu2PchP4/Klfcq+yG+K4+S0NHyOz3KlLmHohGms33BS45PBPLVschztlTAWHWZ066oKD6eIbibcc8OA=="
  "resolved" "https://registry.npmjs.org/miniprogram-sm-crypto/-/miniprogram-sm-crypto-0.3.7.tgz"
  "version" "0.3.7"
  dependencies:
    "jsbn" "^1.1.0"

"uview-ui@^2.0.31":
  "integrity" "sha512-I/0fGuvtiKHH/mBb864SGYk+SJ7WaF32tsBgYgeBOsxlUp+Th+Ac2tgz2cTvsQJl6eZYWsKZ3ixiSXCAcxZ8Sw=="
  "resolved" "https://registry.npmjs.org/uview-ui/-/uview-ui-2.0.31.tgz"
  "version" "2.0.31"
